
Microsoft Visual Studio Solution File, Format Version 12.00
# Visual Studio 15
VisualStudioVersion = 15.0.27130.2003
MinimumVisualStudioVersion = 10.0.40219.1
Project("{FAE04EC0-301F-11D3-BF4B-00C04F79EFBC}") = "XamarinSignalr.Android", "XamarinSignalr\XamarinSignalr.Android\XamarinSignalr.Android.csproj", "{3DE36738-4017-47DE-8F1C-25BCA5946245}"
EndProject
Project("{FAE04EC0-301F-11D3-BF4B-00C04F79EFBC}") = "XamarinSignalr.iOS", "XamarinSignalr\XamarinSignalr.iOS\XamarinSignalr.iOS.csproj", "{F62930C8-D2C1-45E7-A0BD-5F3D4BB671FB}"
EndProject
Project("{FAE04EC0-301F-11D3-BF4B-00C04F79EFBC}") = "XamarinSignalr.UWP", "XamarinSignalr\XamarinSignalr.UWP\XamarinSignalr.UWP.csproj", "{94DAFA9F-9491-4780-BB05-1B12E7C91EC3}"
EndProject
Project("{FAE04EC0-301F-11D3-BF4B-00C04F79EFBC}") = "XamarinSignalr", "XamarinSignalr\XamarinSignalr\XamarinSignalr.csproj", "{D3ED9BA2-6CFE-4AA7-9B42-0FF28F5801C3}"
EndProject
Global
	GlobalSection(SolutionConfigurationPlatforms) = preSolution
		Ad-Hoc|Any CPU = Ad-Hoc|Any CPU
		Ad-Hoc|ARM = Ad-Hoc|ARM
		Ad-Hoc|iPhone = Ad-Hoc|iPhone
		Ad-Hoc|iPhoneSimulator = Ad-Hoc|iPhoneSimulator
		Ad-Hoc|x64 = Ad-Hoc|x64
		Ad-Hoc|x86 = Ad-Hoc|x86
		AppStore|Any CPU = AppStore|Any CPU
		AppStore|ARM = AppStore|ARM
		AppStore|iPhone = AppStore|iPhone
		AppStore|iPhoneSimulator = AppStore|iPhoneSimulator
		AppStore|x64 = AppStore|x64
		AppStore|x86 = AppStore|x86
		Debug|Any CPU = Debug|Any CPU
		Debug|ARM = Debug|ARM
		Debug|iPhone = Debug|iPhone
		Debug|iPhoneSimulator = Debug|iPhoneSimulator
		Debug|x64 = Debug|x64
		Debug|x86 = Debug|x86
		Release|Any CPU = Release|Any CPU
		Release|ARM = Release|ARM
		Release|iPhone = Release|iPhone
		Release|iPhoneSimulator = Release|iPhoneSimulator
		Release|x64 = Release|x64
		Release|x86 = Release|x86
	EndGlobalSection
	GlobalSection(ProjectConfigurationPlatforms) = postSolution
		{3DE36738-4017-47DE-8F1C-25BCA5946245}.Ad-Hoc|Any CPU.ActiveCfg = Release|Any CPU
		{3DE36738-4017-47DE-8F1C-25BCA5946245}.Ad-Hoc|Any CPU.Build.0 = Release|Any CPU
		{3DE36738-4017-47DE-8F1C-25BCA5946245}.Ad-Hoc|Any CPU.Deploy.0 = Release|Any CPU
		{3DE36738-4017-47DE-8F1C-25BCA5946245}.Ad-Hoc|ARM.ActiveCfg = Release|Any CPU
		{3DE36738-4017-47DE-8F1C-25BCA5946245}.Ad-Hoc|ARM.Build.0 = Release|Any CPU
		{3DE36738-4017-47DE-8F1C-25BCA5946245}.Ad-Hoc|ARM.Deploy.0 = Release|Any CPU
		{3DE36738-4017-47DE-8F1C-25BCA5946245}.Ad-Hoc|iPhone.ActiveCfg = Release|Any CPU
		{3DE36738-4017-47DE-8F1C-25BCA5946245}.Ad-Hoc|iPhone.Build.0 = Release|Any CPU
		{3DE36738-4017-47DE-8F1C-25BCA5946245}.Ad-Hoc|iPhone.Deploy.0 = Release|Any CPU
		{3DE36738-4017-47DE-8F1C-25BCA5946245}.Ad-Hoc|iPhoneSimulator.ActiveCfg = Release|Any CPU
		{3DE36738-4017-47DE-8F1C-25BCA5946245}.Ad-Hoc|iPhoneSimulator.Build.0 = Release|Any CPU
		{3DE36738-4017-47DE-8F1C-25BCA5946245}.Ad-Hoc|iPhoneSimulator.Deploy.0 = Release|Any CPU
		{3DE36738-4017-47DE-8F1C-25BCA5946245}.Ad-Hoc|x64.ActiveCfg = Release|Any CPU
		{3DE36738-4017-47DE-8F1C-25BCA5946245}.Ad-Hoc|x64.Build.0 = Release|Any CPU
		{3DE36738-4017-47DE-8F1C-25BCA5946245}.Ad-Hoc|x64.Deploy.0 = Release|Any CPU
		{3DE36738-4017-47DE-8F1C-25BCA5946245}.Ad-Hoc|x86.ActiveCfg = Release|Any CPU
		{3DE36738-4017-47DE-8F1C-25BCA5946245}.Ad-Hoc|x86.Build.0 = Release|Any CPU
		{3DE36738-4017-47DE-8F1C-25BCA5946245}.Ad-Hoc|x86.Deploy.0 = Release|Any CPU
		{3DE36738-4017-47DE-8F1C-25BCA5946245}.AppStore|Any CPU.ActiveCfg = Release|Any CPU
		{3DE36738-4017-47DE-8F1C-25BCA5946245}.AppStore|Any CPU.Build.0 = Release|Any CPU
		{3DE36738-4017-47DE-8F1C-25BCA5946245}.AppStore|Any CPU.Deploy.0 = Release|Any CPU
		{3DE36738-4017-47DE-8F1C-25BCA5946245}.AppStore|ARM.ActiveCfg = Release|Any CPU
		{3DE36738-4017-47DE-8F1C-25BCA5946245}.AppStore|ARM.Build.0 = Release|Any CPU
		{3DE36738-4017-47DE-8F1C-25BCA5946245}.AppStore|ARM.Deploy.0 = Release|Any CPU
		{3DE36738-4017-47DE-8F1C-25BCA5946245}.AppStore|iPhone.ActiveCfg = Release|Any CPU
		{3DE36738-4017-47DE-8F1C-25BCA5946245}.AppStore|iPhone.Build.0 = Release|Any CPU
		{3DE36738-4017-47DE-8F1C-25BCA5946245}.AppStore|iPhone.Deploy.0 = Release|Any CPU
		{3DE36738-4017-47DE-8F1C-25BCA5946245}.AppStore|iPhoneSimulator.ActiveCfg = Release|Any CPU
		{3DE36738-4017-47DE-8F1C-25BCA5946245}.AppStore|iPhoneSimulator.Build.0 = Release|Any CPU
		{3DE36738-4017-47DE-8F1C-25BCA5946245}.AppStore|iPhoneSimulator.Deploy.0 = Release|Any CPU
		{3DE36738-4017-47DE-8F1C-25BCA5946245}.AppStore|x64.ActiveCfg = Release|Any CPU
		{3DE36738-4017-47DE-8F1C-25BCA5946245}.AppStore|x64.Build.0 = Release|Any CPU
		{3DE36738-4017-47DE-8F1C-25BCA5946245}.AppStore|x64.Deploy.0 = Release|Any CPU
		{3DE36738-4017-47DE-8F1C-25BCA5946245}.AppStore|x86.ActiveCfg = Release|Any CPU
		{3DE36738-4017-47DE-8F1C-25BCA5946245}.AppStore|x86.Build.0 = Release|Any CPU
		{3DE36738-4017-47DE-8F1C-25BCA5946245}.AppStore|x86.Deploy.0 = Release|Any CPU
		{3DE36738-4017-47DE-8F1C-25BCA5946245}.Debug|Any CPU.ActiveCfg = Debug|Any CPU
		{3DE36738-4017-47DE-8F1C-25BCA5946245}.Debug|Any CPU.Build.0 = Debug|Any CPU
		{3DE36738-4017-47DE-8F1C-25BCA5946245}.Debug|Any CPU.Deploy.0 = Debug|Any CPU
		{3DE36738-4017-47DE-8F1C-25BCA5946245}.Debug|ARM.ActiveCfg = Debug|Any CPU
		{3DE36738-4017-47DE-8F1C-25BCA5946245}.Debug|ARM.Build.0 = Debug|Any CPU
		{3DE36738-4017-47DE-8F1C-25BCA5946245}.Debug|ARM.Deploy.0 = Debug|Any CPU
		{3DE36738-4017-47DE-8F1C-25BCA5946245}.Debug|iPhone.ActiveCfg = Debug|Any CPU
		{3DE36738-4017-47DE-8F1C-25BCA5946245}.Debug|iPhone.Build.0 = Debug|Any CPU
		{3DE36738-4017-47DE-8F1C-25BCA5946245}.Debug|iPhone.Deploy.0 = Debug|Any CPU
		{3DE36738-4017-47DE-8F1C-25BCA5946245}.Debug|iPhoneSimulator.ActiveCfg = Debug|Any CPU
		{3DE36738-4017-47DE-8F1C-25BCA5946245}.Debug|iPhoneSimulator.Build.0 = Debug|Any CPU
		{3DE36738-4017-47DE-8F1C-25BCA5946245}.Debug|iPhoneSimulator.Deploy.0 = Debug|Any CPU
		{3DE36738-4017-47DE-8F1C-25BCA5946245}.Debug|x64.ActiveCfg = Debug|Any CPU
		{3DE36738-4017-47DE-8F1C-25BCA5946245}.Debug|x64.Build.0 = Debug|Any CPU
		{3DE36738-4017-47DE-8F1C-25BCA5946245}.Debug|x64.Deploy.0 = Debug|Any CPU
		{3DE36738-4017-47DE-8F1C-25BCA5946245}.Debug|x86.ActiveCfg = Debug|Any CPU
		{3DE36738-4017-47DE-8F1C-25BCA5946245}.Debug|x86.Build.0 = Debug|Any CPU
		{3DE36738-4017-47DE-8F1C-25BCA5946245}.Debug|x86.Deploy.0 = Debug|Any CPU
		{3DE36738-4017-47DE-8F1C-25BCA5946245}.Release|Any CPU.ActiveCfg = Release|Any CPU
		{3DE36738-4017-47DE-8F1C-25BCA5946245}.Release|Any CPU.Build.0 = Release|Any CPU
		{3DE36738-4017-47DE-8F1C-25BCA5946245}.Release|Any CPU.Deploy.0 = Release|Any CPU
		{3DE36738-4017-47DE-8F1C-25BCA5946245}.Release|ARM.ActiveCfg = Release|Any CPU
		{3DE36738-4017-47DE-8F1C-25BCA5946245}.Release|ARM.Build.0 = Release|Any CPU
		{3DE36738-4017-47DE-8F1C-25BCA5946245}.Release|ARM.Deploy.0 = Release|Any CPU
		{3DE36738-4017-47DE-8F1C-25BCA5946245}.Release|iPhone.ActiveCfg = Release|Any CPU
		{3DE36738-4017-47DE-8F1C-25BCA5946245}.Release|iPhone.Build.0 = Release|Any CPU
		{3DE36738-4017-47DE-8F1C-25BCA5946245}.Release|iPhone.Deploy.0 = Release|Any CPU
		{3DE36738-4017-47DE-8F1C-25BCA5946245}.Release|iPhoneSimulator.ActiveCfg = Release|Any CPU
		{3DE36738-4017-47DE-8F1C-25BCA5946245}.Release|iPhoneSimulator.Build.0 = Release|Any CPU
		{3DE36738-4017-47DE-8F1C-25BCA5946245}.Release|iPhoneSimulator.Deploy.0 = Release|Any CPU
		{3DE36738-4017-47DE-8F1C-25BCA5946245}.Release|x64.ActiveCfg = Release|Any CPU
		{3DE36738-4017-47DE-8F1C-25BCA5946245}.Release|x64.Build.0 = Release|Any CPU
		{3DE36738-4017-47DE-8F1C-25BCA5946245}.Release|x64.Deploy.0 = Release|Any CPU
		{3DE36738-4017-47DE-8F1C-25BCA5946245}.Release|x86.ActiveCfg = Release|Any CPU
		{3DE36738-4017-47DE-8F1C-25BCA5946245}.Release|x86.Build.0 = Release|Any CPU
		{3DE36738-4017-47DE-8F1C-25BCA5946245}.Release|x86.Deploy.0 = Release|Any CPU
		{F62930C8-D2C1-45E7-A0BD-5F3D4BB671FB}.Ad-Hoc|Any CPU.ActiveCfg = Ad-Hoc|iPhone
		{F62930C8-D2C1-45E7-A0BD-5F3D4BB671FB}.Ad-Hoc|ARM.ActiveCfg = Ad-Hoc|iPhone
		{F62930C8-D2C1-45E7-A0BD-5F3D4BB671FB}.Ad-Hoc|iPhone.ActiveCfg = Ad-Hoc|iPhone
		{F62930C8-D2C1-45E7-A0BD-5F3D4BB671FB}.Ad-Hoc|iPhone.Build.0 = Ad-Hoc|iPhone
		{F62930C8-D2C1-45E7-A0BD-5F3D4BB671FB}.Ad-Hoc|iPhoneSimulator.ActiveCfg = Ad-Hoc|iPhoneSimulator
		{F62930C8-D2C1-45E7-A0BD-5F3D4BB671FB}.Ad-Hoc|iPhoneSimulator.Build.0 = Ad-Hoc|iPhoneSimulator
		{F62930C8-D2C1-45E7-A0BD-5F3D4BB671FB}.Ad-Hoc|x64.ActiveCfg = Ad-Hoc|iPhone
		{F62930C8-D2C1-45E7-A0BD-5F3D4BB671FB}.Ad-Hoc|x86.ActiveCfg = Ad-Hoc|iPhone
		{F62930C8-D2C1-45E7-A0BD-5F3D4BB671FB}.AppStore|Any CPU.ActiveCfg = AppStore|iPhone
		{F62930C8-D2C1-45E7-A0BD-5F3D4BB671FB}.AppStore|ARM.ActiveCfg = AppStore|iPhone
		{F62930C8-D2C1-45E7-A0BD-5F3D4BB671FB}.AppStore|iPhone.ActiveCfg = AppStore|iPhone
		{F62930C8-D2C1-45E7-A0BD-5F3D4BB671FB}.AppStore|iPhone.Build.0 = AppStore|iPhone
		{F62930C8-D2C1-45E7-A0BD-5F3D4BB671FB}.AppStore|iPhoneSimulator.ActiveCfg = AppStore|iPhoneSimulator
		{F62930C8-D2C1-45E7-A0BD-5F3D4BB671FB}.AppStore|iPhoneSimulator.Build.0 = AppStore|iPhoneSimulator
		{F62930C8-D2C1-45E7-A0BD-5F3D4BB671FB}.AppStore|x64.ActiveCfg = AppStore|iPhone
		{F62930C8-D2C1-45E7-A0BD-5F3D4BB671FB}.AppStore|x86.ActiveCfg = AppStore|iPhone
		{F62930C8-D2C1-45E7-A0BD-5F3D4BB671FB}.Debug|Any CPU.ActiveCfg = Debug|iPhone
		{F62930C8-D2C1-45E7-A0BD-5F3D4BB671FB}.Debug|ARM.ActiveCfg = Debug|iPhone
		{F62930C8-D2C1-45E7-A0BD-5F3D4BB671FB}.Debug|iPhone.ActiveCfg = Debug|iPhone
		{F62930C8-D2C1-45E7-A0BD-5F3D4BB671FB}.Debug|iPhone.Build.0 = Debug|iPhone
		{F62930C8-D2C1-45E7-A0BD-5F3D4BB671FB}.Debug|iPhoneSimulator.ActiveCfg = Debug|iPhoneSimulator
		{F62930C8-D2C1-45E7-A0BD-5F3D4BB671FB}.Debug|iPhoneSimulator.Build.0 = Debug|iPhoneSimulator
		{F62930C8-D2C1-45E7-A0BD-5F3D4BB671FB}.Debug|x64.ActiveCfg = Debug|iPhone
		{F62930C8-D2C1-45E7-A0BD-5F3D4BB671FB}.Debug|x86.ActiveCfg = Debug|iPhone
		{F62930C8-D2C1-45E7-A0BD-5F3D4BB671FB}.Release|Any CPU.ActiveCfg = Release|iPhone
		{F62930C8-D2C1-45E7-A0BD-5F3D4BB671FB}.Release|ARM.ActiveCfg = Release|iPhone
		{F62930C8-D2C1-45E7-A0BD-5F3D4BB671FB}.Release|iPhone.ActiveCfg = Release|iPhone
		{F62930C8-D2C1-45E7-A0BD-5F3D4BB671FB}.Release|iPhone.Build.0 = Release|iPhone
		{F62930C8-D2C1-45E7-A0BD-5F3D4BB671FB}.Release|iPhoneSimulator.ActiveCfg = Release|iPhoneSimulator
		{F62930C8-D2C1-45E7-A0BD-5F3D4BB671FB}.Release|iPhoneSimulator.Build.0 = Release|iPhoneSimulator
		{F62930C8-D2C1-45E7-A0BD-5F3D4BB671FB}.Release|x64.ActiveCfg = Release|iPhone
		{F62930C8-D2C1-45E7-A0BD-5F3D4BB671FB}.Release|x86.ActiveCfg = Release|iPhone
		{94DAFA9F-9491-4780-BB05-1B12E7C91EC3}.Ad-Hoc|Any CPU.ActiveCfg = Release|x86
		{94DAFA9F-9491-4780-BB05-1B12E7C91EC3}.Ad-Hoc|Any CPU.Build.0 = Release|x86
		{94DAFA9F-9491-4780-BB05-1B12E7C91EC3}.Ad-Hoc|Any CPU.Deploy.0 = Release|x86
		{94DAFA9F-9491-4780-BB05-1B12E7C91EC3}.Ad-Hoc|ARM.ActiveCfg = Release|ARM
		{94DAFA9F-9491-4780-BB05-1B12E7C91EC3}.Ad-Hoc|ARM.Build.0 = Release|ARM
		{94DAFA9F-9491-4780-BB05-1B12E7C91EC3}.Ad-Hoc|ARM.Deploy.0 = Release|ARM
		{94DAFA9F-9491-4780-BB05-1B12E7C91EC3}.Ad-Hoc|iPhone.ActiveCfg = Release|x86
		{94DAFA9F-9491-4780-BB05-1B12E7C91EC3}.Ad-Hoc|iPhone.Build.0 = Release|x86
		{94DAFA9F-9491-4780-BB05-1B12E7C91EC3}.Ad-Hoc|iPhone.Deploy.0 = Release|x86
		{94DAFA9F-9491-4780-BB05-1B12E7C91EC3}.Ad-Hoc|iPhoneSimulator.ActiveCfg = Release|x86
		{94DAFA9F-9491-4780-BB05-1B12E7C91EC3}.Ad-Hoc|iPhoneSimulator.Build.0 = Release|x86
		{94DAFA9F-9491-4780-BB05-1B12E7C91EC3}.Ad-Hoc|iPhoneSimulator.Deploy.0 = Release|x86
		{94DAFA9F-9491-4780-BB05-1B12E7C91EC3}.Ad-Hoc|x64.ActiveCfg = Release|x64
		{94DAFA9F-9491-4780-BB05-1B12E7C91EC3}.Ad-Hoc|x64.Build.0 = Release|x64
		{94DAFA9F-9491-4780-BB05-1B12E7C91EC3}.Ad-Hoc|x64.Deploy.0 = Release|x64
		{94DAFA9F-9491-4780-BB05-1B12E7C91EC3}.Ad-Hoc|x86.ActiveCfg = Release|x86
		{94DAFA9F-9491-4780-BB05-1B12E7C91EC3}.Ad-Hoc|x86.Build.0 = Release|x86
		{94DAFA9F-9491-4780-BB05-1B12E7C91EC3}.Ad-Hoc|x86.Deploy.0 = Release|x86
		{94DAFA9F-9491-4780-BB05-1B12E7C91EC3}.AppStore|Any CPU.ActiveCfg = Release|x86
		{94DAFA9F-9491-4780-BB05-1B12E7C91EC3}.AppStore|Any CPU.Build.0 = Release|x86
		{94DAFA9F-9491-4780-BB05-1B12E7C91EC3}.AppStore|Any CPU.Deploy.0 = Release|x86
		{94DAFA9F-9491-4780-BB05-1B12E7C91EC3}.AppStore|ARM.ActiveCfg = Release|ARM
		{94DAFA9F-9491-4780-BB05-1B12E7C91EC3}.AppStore|ARM.Build.0 = Release|ARM
		{94DAFA9F-9491-4780-BB05-1B12E7C91EC3}.AppStore|ARM.Deploy.0 = Release|ARM
		{94DAFA9F-9491-4780-BB05-1B12E7C91EC3}.AppStore|iPhone.ActiveCfg = Release|x86
		{94DAFA9F-9491-4780-BB05-1B12E7C91EC3}.AppStore|iPhone.Build.0 = Release|x86
		{94DAFA9F-9491-4780-BB05-1B12E7C91EC3}.AppStore|iPhone.Deploy.0 = Release|x86
		{94DAFA9F-9491-4780-BB05-1B12E7C91EC3}.AppStore|iPhoneSimulator.ActiveCfg = Release|x86
		{94DAFA9F-9491-4780-BB05-1B12E7C91EC3}.AppStore|iPhoneSimulator.Build.0 = Release|x86
		{94DAFA9F-9491-4780-BB05-1B12E7C91EC3}.AppStore|iPhoneSimulator.Deploy.0 = Release|x86
		{94DAFA9F-9491-4780-BB05-1B12E7C91EC3}.AppStore|x64.ActiveCfg = Release|x64
		{94DAFA9F-9491-4780-BB05-1B12E7C91EC3}.AppStore|x64.Build.0 = Release|x64
		{94DAFA9F-9491-4780-BB05-1B12E7C91EC3}.AppStore|x64.Deploy.0 = Release|x64
		{94DAFA9F-9491-4780-BB05-1B12E7C91EC3}.AppStore|x86.ActiveCfg = Release|x86
		{94DAFA9F-9491-4780-BB05-1B12E7C91EC3}.AppStore|x86.Build.0 = Release|x86
		{94DAFA9F-9491-4780-BB05-1B12E7C91EC3}.AppStore|x86.Deploy.0 = Release|x86
		{94DAFA9F-9491-4780-BB05-1B12E7C91EC3}.Debug|Any CPU.ActiveCfg = Debug|x86
		{94DAFA9F-9491-4780-BB05-1B12E7C91EC3}.Debug|ARM.ActiveCfg = Debug|ARM
		{94DAFA9F-9491-4780-BB05-1B12E7C91EC3}.Debug|ARM.Build.0 = Debug|ARM
		{94DAFA9F-9491-4780-BB05-1B12E7C91EC3}.Debug|ARM.Deploy.0 = Debug|ARM
		{94DAFA9F-9491-4780-BB05-1B12E7C91EC3}.Debug|iPhone.ActiveCfg = Debug|x86
		{94DAFA9F-9491-4780-BB05-1B12E7C91EC3}.Debug|iPhoneSimulator.ActiveCfg = Debug|x86
		{94DAFA9F-9491-4780-BB05-1B12E7C91EC3}.Debug|x64.ActiveCfg = Debug|x64
		{94DAFA9F-9491-4780-BB05-1B12E7C91EC3}.Debug|x64.Build.0 = Debug|x64
		{94DAFA9F-9491-4780-BB05-1B12E7C91EC3}.Debug|x64.Deploy.0 = Debug|x64
		{94DAFA9F-9491-4780-BB05-1B12E7C91EC3}.Debug|x86.ActiveCfg = Debug|x86
		{94DAFA9F-9491-4780-BB05-1B12E7C91EC3}.Debug|x86.Build.0 = Debug|x86
		{94DAFA9F-9491-4780-BB05-1B12E7C91EC3}.Debug|x86.Deploy.0 = Debug|x86
		{94DAFA9F-9491-4780-BB05-1B12E7C91EC3}.Release|Any CPU.ActiveCfg = Release|x86
		{94DAFA9F-9491-4780-BB05-1B12E7C91EC3}.Release|ARM.ActiveCfg = Release|ARM
		{94DAFA9F-9491-4780-BB05-1B12E7C91EC3}.Release|ARM.Build.0 = Release|ARM
		{94DAFA9F-9491-4780-BB05-1B12E7C91EC3}.Release|ARM.Deploy.0 = Release|ARM
		{94DAFA9F-9491-4780-BB05-1B12E7C91EC3}.Release|iPhone.ActiveCfg = Release|x86
		{94DAFA9F-9491-4780-BB05-1B12E7C91EC3}.Release|iPhoneSimulator.ActiveCfg = Release|x86
		{94DAFA9F-9491-4780-BB05-1B12E7C91EC3}.Release|x64.ActiveCfg = Release|x64
		{94DAFA9F-9491-4780-BB05-1B12E7C91EC3}.Release|x64.Build.0 = Release|x64
		{94DAFA9F-9491-4780-BB05-1B12E7C91EC3}.Release|x64.Deploy.0 = Release|x64
		{94DAFA9F-9491-4780-BB05-1B12E7C91EC3}.Release|x86.ActiveCfg = Release|x86
		{94DAFA9F-9491-4780-BB05-1B12E7C91EC3}.Release|x86.Build.0 = Release|x86
		{94DAFA9F-9491-4780-BB05-1B12E7C91EC3}.Release|x86.Deploy.0 = Release|x86
		{D3ED9BA2-6CFE-4AA7-9B42-0FF28F5801C3}.Ad-Hoc|Any CPU.ActiveCfg = Debug|Any CPU
		{D3ED9BA2-6CFE-4AA7-9B42-0FF28F5801C3}.Ad-Hoc|Any CPU.Build.0 = Debug|Any CPU
		{D3ED9BA2-6CFE-4AA7-9B42-0FF28F5801C3}.Ad-Hoc|ARM.ActiveCfg = Debug|Any CPU
		{D3ED9BA2-6CFE-4AA7-9B42-0FF28F5801C3}.Ad-Hoc|ARM.Build.0 = Debug|Any CPU
		{D3ED9BA2-6CFE-4AA7-9B42-0FF28F5801C3}.Ad-Hoc|iPhone.ActiveCfg = Debug|Any CPU
		{D3ED9BA2-6CFE-4AA7-9B42-0FF28F5801C3}.Ad-Hoc|iPhone.Build.0 = Debug|Any CPU
		{D3ED9BA2-6CFE-4AA7-9B42-0FF28F5801C3}.Ad-Hoc|iPhoneSimulator.ActiveCfg = Debug|Any CPU
		{D3ED9BA2-6CFE-4AA7-9B42-0FF28F5801C3}.Ad-Hoc|iPhoneSimulator.Build.0 = Debug|Any CPU
		{D3ED9BA2-6CFE-4AA7-9B42-0FF28F5801C3}.Ad-Hoc|x64.ActiveCfg = Debug|Any CPU
		{D3ED9BA2-6CFE-4AA7-9B42-0FF28F5801C3}.Ad-Hoc|x64.Build.0 = Debug|Any CPU
		{D3ED9BA2-6CFE-4AA7-9B42-0FF28F5801C3}.Ad-Hoc|x86.ActiveCfg = Debug|Any CPU
		{D3ED9BA2-6CFE-4AA7-9B42-0FF28F5801C3}.Ad-Hoc|x86.Build.0 = Debug|Any CPU
		{D3ED9BA2-6CFE-4AA7-9B42-0FF28F5801C3}.AppStore|Any CPU.ActiveCfg = Debug|Any CPU
		{D3ED9BA2-6CFE-4AA7-9B42-0FF28F5801C3}.AppStore|Any CPU.Build.0 = Debug|Any CPU
		{D3ED9BA2-6CFE-4AA7-9B42-0FF28F5801C3}.AppStore|ARM.ActiveCfg = Debug|Any CPU
		{D3ED9BA2-6CFE-4AA7-9B42-0FF28F5801C3}.AppStore|ARM.Build.0 = Debug|Any CPU
		{D3ED9BA2-6CFE-4AA7-9B42-0FF28F5801C3}.AppStore|iPhone.ActiveCfg = Debug|Any CPU
		{D3ED9BA2-6CFE-4AA7-9B42-0FF28F5801C3}.AppStore|iPhone.Build.0 = Debug|Any CPU
		{D3ED9BA2-6CFE-4AA7-9B42-0FF28F5801C3}.AppStore|iPhoneSimulator.ActiveCfg = Debug|Any CPU
		{D3ED9BA2-6CFE-4AA7-9B42-0FF28F5801C3}.AppStore|iPhoneSimulator.Build.0 = Debug|Any CPU
		{D3ED9BA2-6CFE-4AA7-9B42-0FF28F5801C3}.AppStore|x64.ActiveCfg = Debug|Any CPU
		{D3ED9BA2-6CFE-4AA7-9B42-0FF28F5801C3}.AppStore|x64.Build.0 = Debug|Any CPU
		{D3ED9BA2-6CFE-4AA7-9B42-0FF28F5801C3}.AppStore|x86.ActiveCfg = Debug|Any CPU
		{D3ED9BA2-6CFE-4AA7-9B42-0FF28F5801C3}.AppStore|x86.Build.0 = Debug|Any CPU
		{D3ED9BA2-6CFE-4AA7-9B42-0FF28F5801C3}.Debug|Any CPU.ActiveCfg = Debug|Any CPU
		{D3ED9BA2-6CFE-4AA7-9B42-0FF28F5801C3}.Debug|Any CPU.Build.0 = Debug|Any CPU
		{D3ED9BA2-6CFE-4AA7-9B42-0FF28F5801C3}.Debug|ARM.ActiveCfg = Debug|Any CPU
		{D3ED9BA2-6CFE-4AA7-9B42-0FF28F5801C3}.Debug|ARM.Build.0 = Debug|Any CPU
		{D3ED9BA2-6CFE-4AA7-9B42-0FF28F5801C3}.Debug|iPhone.ActiveCfg = Debug|Any CPU
		{D3ED9BA2-6CFE-4AA7-9B42-0FF28F5801C3}.Debug|iPhone.Build.0 = Debug|Any CPU
		{D3ED9BA2-6CFE-4AA7-9B42-0FF28F5801C3}.Debug|iPhoneSimulator.ActiveCfg = Debug|Any CPU
		{D3ED9BA2-6CFE-4AA7-9B42-0FF28F5801C3}.Debug|iPhoneSimulator.Build.0 = Debug|Any CPU
		{D3ED9BA2-6CFE-4AA7-9B42-0FF28F5801C3}.Debug|x64.ActiveCfg = Debug|Any CPU
		{D3ED9BA2-6CFE-4AA7-9B42-0FF28F5801C3}.Debug|x64.Build.0 = Debug|Any CPU
		{D3ED9BA2-6CFE-4AA7-9B42-0FF28F5801C3}.Debug|x86.ActiveCfg = Debug|Any CPU
		{D3ED9BA2-6CFE-4AA7-9B42-0FF28F5801C3}.Debug|x86.Build.0 = Debug|Any CPU
		{D3ED9BA2-6CFE-4AA7-9B42-0FF28F5801C3}.Release|Any CPU.ActiveCfg = Release|Any CPU
		{D3ED9BA2-6CFE-4AA7-9B42-0FF28F5801C3}.Release|Any CPU.Build.0 = Release|Any CPU
		{D3ED9BA2-6CFE-4AA7-9B42-0FF28F5801C3}.Release|ARM.ActiveCfg = Release|Any CPU
		{D3ED9BA2-6CFE-4AA7-9B42-0FF28F5801C3}.Release|ARM.Build.0 = Release|Any CPU
		{D3ED9BA2-6CFE-4AA7-9B42-0FF28F5801C3}.Release|iPhone.ActiveCfg = Release|Any CPU
		{D3ED9BA2-6CFE-4AA7-9B42-0FF28F5801C3}.Release|iPhone.Build.0 = Release|Any CPU
		{D3ED9BA2-6CFE-4AA7-9B42-0FF28F5801C3}.Release|iPhoneSimulator.ActiveCfg = Release|Any CPU
		{D3ED9BA2-6CFE-4AA7-9B42-0FF28F5801C3}.Release|iPhoneSimulator.Build.0 = Release|Any CPU
		{D3ED9BA2-6CFE-4AA7-9B42-0FF28F5801C3}.Release|x64.ActiveCfg = Release|Any CPU
		{D3ED9BA2-6CFE-4AA7-9B42-0FF28F5801C3}.Release|x64.Build.0 = Release|Any CPU
		{D3ED9BA2-6CFE-4AA7-9B42-0FF28F5801C3}.Release|x86.ActiveCfg = Release|Any CPU
		{D3ED9BA2-6CFE-4AA7-9B42-0FF28F5801C3}.Release|x86.Build.0 = Release|Any CPU
	EndGlobalSection
	GlobalSection(SolutionProperties) = preSolution
		HideSolutionNode = FALSE
	EndGlobalSection
	GlobalSection(ExtensibilityGlobals) = postSolution
		SolutionGuid = {0B6961D6-DCD4-4FF7-958A-7153D367F926}
	EndGlobalSection
EndGlobal
